{
  "version": 4,
  "terraform_version": "1.1.5",
  "serial": 1,
  "lineage": "30125cb5-f8e8-0c42-6335-255397fc1204",
  "outputs": {},
  "resources": [
    {
      "mode": "managed",
      "type": "docker_image",
      "name": "php-httpd-image",
      "provider": "provider[\"registry.terraform.io/kreuzwerker/docker\"]",
      "instances": [
        {
          "schema_version": 0,
          "attributes": {
            "build": [
              {
                "build_arg": null,
                "dockerfile": "Dockerfile",
                "force_remove": null,
                "label": {
                  "challenge": "second"
                },
                "no_cache": null,
                "path": "lamp_stack/php_httpd",
                "remove": true,
                "tag": [
                  "php-httpd:challenge"
                ],
                "target": ""
              }
            ],
            "force_remove": null,
            "id": "sha256:422e162b67ad35f7e943e297da6030592bda12e43ad060b0cd624625982fdc41php-httpd:challenge",
            "keep_locally": null,
            "latest": "sha256:422e162b67ad35f7e943e297da6030592bda12e43ad060b0cd624625982fdc41",
            "name": "php-httpd:challenge",
            "output": null,
            "pull_trigger": null,
            "pull_triggers": null,
            "repo_digest": ""
          },
          "sensitive_attributes": [],
          "private": "bnVsbA=="
        }
      ]
    }
  ]
}
